
Microsoft Visual Studio Solution File, Format Version 12.00
# Visual Studio 2013
VisualStudioVersion = 12.0.21005.1
MinimumVisualStudioVersion = 10.0.40219.1
Project("{FAE04EC0-301F-11D3-BF4B-00C04F79EFBC}") = "TenBackend", "TenBackend\TenBackend.csproj", "{E17BFED7-0F3C-4BFB-8FBA-BA50780442F1}"
EndProject
Project("{FAE04EC0-301F-11D3-BF4B-00C04F79EFBC}") = "TenBackend.Tests", "TenBackend.Tests\TenBackend.Tests.csproj", "{647C5EF8-FFC0-4284-8217-516B43C1BAC2}"
EndProject
Project("{2150E333-8FDC-42A3-9474-1A3956D46DE8}") = ".nuget", ".nuget", "{68DEAE6B-E0DA-4D3E-B081-460588753226}"
	ProjectSection(SolutionItems) = preProject
		.nuget\NuGet.Config = .nuget\NuGet.Config
		.nuget\NuGet.exe = .nuget\NuGet.exe
		.nuget\NuGet.targets = .nuget\NuGet.targets
	EndProjectSection
EndProject
Project("{FAE04EC0-301F-11D3-BF4B-00C04F79EFBC}") = "CSharpTest", "CSharpTest\CSharpTest.csproj", "{A825E67B-3408-4A81-9737-50484069B485}"
EndProject
Global
	GlobalSection(SolutionConfigurationPlatforms) = preSolution
		Debug|Any CPU = Debug|Any CPU
		Release|Any CPU = Release|Any CPU
	EndGlobalSection
	GlobalSection(ProjectConfigurationPlatforms) = postSolution
		{E17BFED7-0F3C-4BFB-8FBA-BA50780442F1}.Debug|Any CPU.ActiveCfg = Debug|Any CPU
		{E17BFED7-0F3C-4BFB-8FBA-BA50780442F1}.Debug|Any CPU.Build.0 = Debug|Any CPU
		{E17BFED7-0F3C-4BFB-8FBA-BA50780442F1}.Release|Any CPU.ActiveCfg = Release|Any CPU
		{E17BFED7-0F3C-4BFB-8FBA-BA50780442F1}.Release|Any CPU.Build.0 = Release|Any CPU
		{647C5EF8-FFC0-4284-8217-516B43C1BAC2}.Debug|Any CPU.ActiveCfg = Debug|Any CPU
		{647C5EF8-FFC0-4284-8217-516B43C1BAC2}.Debug|Any CPU.Build.0 = Debug|Any CPU
		{647C5EF8-FFC0-4284-8217-516B43C1BAC2}.Release|Any CPU.ActiveCfg = Release|Any CPU
		{647C5EF8-FFC0-4284-8217-516B43C1BAC2}.Release|Any CPU.Build.0 = Release|Any CPU
		{A825E67B-3408-4A81-9737-50484069B485}.Debug|Any CPU.ActiveCfg = Debug|Any CPU
		{A825E67B-3408-4A81-9737-50484069B485}.Debug|Any CPU.Build.0 = Debug|Any CPU
		{A825E67B-3408-4A81-9737-50484069B485}.Release|Any CPU.ActiveCfg = Release|Any CPU
		{A825E67B-3408-4A81-9737-50484069B485}.Release|Any CPU.Build.0 = Release|Any CPU
	EndGlobalSection
	GlobalSection(SolutionProperties) = preSolution
		HideSolutionNode = FALSE
	EndGlobalSection
EndGlobal
